
Microsoft Visual Studio Solution File, Format Version 12.00
# Visual Studio Version 16
VisualStudioVersion = 16.0.30907.101
MinimumVisualStudioVersion = 10.0.40219.1
Project("{8BC9CEB8-8B4A-11D0-8D11-00A0C91BC942}") = "DummyProgram", "DummyProgram\DummyProgram.vcxproj", "{D3B4C320-F4EF-401D-8400-FCCF0F90CFE4}"
EndProject
Project("{8BC9CEB8-8B4A-11D0-8D11-00A0C91BC942}") = "UserInterface", "UserInterface\UserInterface.vcxproj", "{E11A54FB-C46C-465A-88D0-F238DB833056}"
EndProject
Project("{8BC9CEB8-8B4A-11D0-8D11-00A0C91BC942}") = "VSClient", "VSClient\VSClient.vcxproj", "{C41C5175-014F-4BD0-9A37-E28B9CF0CB04}"
EndProject
Project("{8BC9CEB8-8B4A-11D0-8D11-00A0C91BC942}") = "VSServerDelegatorPrimes", "VSServerDelegatorPrimes\VSServerDelegatorPrimes.vcxproj", "{4E079E14-445A-489D-96AF-82104519ACCB}"
EndProject
Project("{8BC9CEB8-8B4A-11D0-8D11-00A0C91BC942}") = "VSClientProcessorPrimes", "VSClientProcessorPrimes\VSClientProcessorPrimes.vcxproj", "{58A8DD93-CC29-4D35-8FFA-021EDCDDB485}"
EndProject
Global
	GlobalSection(SolutionConfigurationPlatforms) = preSolution
		Debug|Any CPU = Debug|Any CPU
		Debug|x64 = Debug|x64
		Debug|x86 = Debug|x86
		Release|Any CPU = Release|Any CPU
		Release|x64 = Release|x64
		Release|x86 = Release|x86
	EndGlobalSection
	GlobalSection(ProjectConfigurationPlatforms) = postSolution
		{D3B4C320-F4EF-401D-8400-FCCF0F90CFE4}.Debug|Any CPU.ActiveCfg = Debug|Win32
		{D3B4C320-F4EF-401D-8400-FCCF0F90CFE4}.Debug|x64.ActiveCfg = Debug|x64
		{D3B4C320-F4EF-401D-8400-FCCF0F90CFE4}.Debug|x64.Build.0 = Debug|x64
		{D3B4C320-F4EF-401D-8400-FCCF0F90CFE4}.Debug|x86.ActiveCfg = Debug|Win32
		{D3B4C320-F4EF-401D-8400-FCCF0F90CFE4}.Debug|x86.Build.0 = Debug|Win32
		{D3B4C320-F4EF-401D-8400-FCCF0F90CFE4}.Release|Any CPU.ActiveCfg = Release|Win32
		{D3B4C320-F4EF-401D-8400-FCCF0F90CFE4}.Release|x64.ActiveCfg = Release|x64
		{D3B4C320-F4EF-401D-8400-FCCF0F90CFE4}.Release|x64.Build.0 = Release|x64
		{D3B4C320-F4EF-401D-8400-FCCF0F90CFE4}.Release|x86.ActiveCfg = Release|Win32
		{D3B4C320-F4EF-401D-8400-FCCF0F90CFE4}.Release|x86.Build.0 = Release|Win32
		{E11A54FB-C46C-465A-88D0-F238DB833056}.Debug|Any CPU.ActiveCfg = Debug|x64
		{E11A54FB-C46C-465A-88D0-F238DB833056}.Debug|x64.ActiveCfg = Debug|x64
		{E11A54FB-C46C-465A-88D0-F238DB833056}.Debug|x64.Build.0 = Debug|x64
		{E11A54FB-C46C-465A-88D0-F238DB833056}.Debug|x86.ActiveCfg = Debug|x64
		{E11A54FB-C46C-465A-88D0-F238DB833056}.Release|Any CPU.ActiveCfg = Release|x64
		{E11A54FB-C46C-465A-88D0-F238DB833056}.Release|x64.ActiveCfg = Release|x64
		{E11A54FB-C46C-465A-88D0-F238DB833056}.Release|x64.Build.0 = Release|x64
		{E11A54FB-C46C-465A-88D0-F238DB833056}.Release|x86.ActiveCfg = Release|x64
		{C41C5175-014F-4BD0-9A37-E28B9CF0CB04}.Debug|Any CPU.ActiveCfg = Debug|Win32
		{C41C5175-014F-4BD0-9A37-E28B9CF0CB04}.Debug|x64.ActiveCfg = Debug|x64
		{C41C5175-014F-4BD0-9A37-E28B9CF0CB04}.Debug|x64.Build.0 = Debug|x64
		{C41C5175-014F-4BD0-9A37-E28B9CF0CB04}.Debug|x86.ActiveCfg = Debug|Win32
		{C41C5175-014F-4BD0-9A37-E28B9CF0CB04}.Debug|x86.Build.0 = Debug|Win32
		{C41C5175-014F-4BD0-9A37-E28B9CF0CB04}.Release|Any CPU.ActiveCfg = Release|Win32
		{C41C5175-014F-4BD0-9A37-E28B9CF0CB04}.Release|x64.ActiveCfg = Release|x64
		{C41C5175-014F-4BD0-9A37-E28B9CF0CB04}.Release|x64.Build.0 = Release|x64
		{C41C5175-014F-4BD0-9A37-E28B9CF0CB04}.Release|x86.ActiveCfg = Release|Win32
		{C41C5175-014F-4BD0-9A37-E28B9CF0CB04}.Release|x86.Build.0 = Release|Win32
		{4E079E14-445A-489D-96AF-82104519ACCB}.Debug|Any CPU.ActiveCfg = Debug|Win32
		{4E079E14-445A-489D-96AF-82104519ACCB}.Debug|x64.ActiveCfg = Debug|x64
		{4E079E14-445A-489D-96AF-82104519ACCB}.Debug|x64.Build.0 = Debug|x64
		{4E079E14-445A-489D-96AF-82104519ACCB}.Debug|x86.ActiveCfg = Debug|Win32
		{4E079E14-445A-489D-96AF-82104519ACCB}.Debug|x86.Build.0 = Debug|Win32
		{4E079E14-445A-489D-96AF-82104519ACCB}.Release|Any CPU.ActiveCfg = Release|Win32
		{4E079E14-445A-489D-96AF-82104519ACCB}.Release|x64.ActiveCfg = Release|x64
		{4E079E14-445A-489D-96AF-82104519ACCB}.Release|x64.Build.0 = Release|x64
		{4E079E14-445A-489D-96AF-82104519ACCB}.Release|x86.ActiveCfg = Release|Win32
		{4E079E14-445A-489D-96AF-82104519ACCB}.Release|x86.Build.0 = Release|Win32
		{58A8DD93-CC29-4D35-8FFA-021EDCDDB485}.Debug|Any CPU.ActiveCfg = Debug|Win32
		{58A8DD93-CC29-4D35-8FFA-021EDCDDB485}.Debug|x64.ActiveCfg = Debug|x64
		{58A8DD93-CC29-4D35-8FFA-021EDCDDB485}.Debug|x64.Build.0 = Debug|x64
		{58A8DD93-CC29-4D35-8FFA-021EDCDDB485}.Debug|x86.ActiveCfg = Debug|Win32
		{58A8DD93-CC29-4D35-8FFA-021EDCDDB485}.Debug|x86.Build.0 = Debug|Win32
		{58A8DD93-CC29-4D35-8FFA-021EDCDDB485}.Release|Any CPU.ActiveCfg = Release|Win32
		{58A8DD93-CC29-4D35-8FFA-021EDCDDB485}.Release|x64.ActiveCfg = Release|x64
		{58A8DD93-CC29-4D35-8FFA-021EDCDDB485}.Release|x64.Build.0 = Release|x64
		{58A8DD93-CC29-4D35-8FFA-021EDCDDB485}.Release|x86.ActiveCfg = Release|Win32
		{58A8DD93-CC29-4D35-8FFA-021EDCDDB485}.Release|x86.Build.0 = Release|Win32
	EndGlobalSection
	GlobalSection(SolutionProperties) = preSolution
		HideSolutionNode = FALSE
	EndGlobalSection
	GlobalSection(ExtensibilityGlobals) = postSolution
		SolutionGuid = {546B2C2D-8EE8-4A43-B8EB-BB8F14540338}
	EndGlobalSection
EndGlobal
